
Microsoft Visual Studio Solution File, Format Version 12.00
# Visual Studio Version 16
VisualStudioVersion = 16.0.29306.81
MinimumVisualStudioVersion = 10.0.40219.1
Project("{FAE04EC0-301F-11D3-BF4B-00C04F79EFBC}") = "Urna", "Urna\Urna.csproj", "{343CCD3B-80D2-4A1E-8A9D-BDA9182D3A26}"
EndProject
Global
	GlobalSection(SolutionConfigurationPlatforms) = preSolution
		Debug|Any CPU = Debug|Any CPU
		Release|Any CPU = Release|Any CPU
	EndGlobalSection
	GlobalSection(ProjectConfigurationPlatforms) = postSolution
		{343CCD3B-80D2-4A1E-8A9D-BDA9182D3A26}.Debug|Any CPU.ActiveCfg = Debug|Any CPU
		{343CCD3B-80D2-4A1E-8A9D-BDA9182D3A26}.Debug|Any CPU.Build.0 = Debug|Any CPU
		{343CCD3B-80D2-4A1E-8A9D-BDA9182D3A26}.Release|Any CPU.ActiveCfg = Release|Any CPU
		{343CCD3B-80D2-4A1E-8A9D-BDA9182D3A26}.Release|Any CPU.Build.0 = Release|Any CPU
	EndGlobalSection
	GlobalSection(SolutionProperties) = preSolution
		HideSolutionNode = FALSE
	EndGlobalSection
	GlobalSection(ExtensibilityGlobals) = postSolution
		SolutionGuid = {D6CAF72D-F700-4163-A3DA-52294E265AB8}
	EndGlobalSection
EndGlobal
